
Microsoft Visual Studio Solution File, Format Version 12.00
# Visual Studio Version 16
VisualStudioVersion = 16.0.30011.22
MinimumVisualStudioVersion = 10.0.40219.1
Project("{FAE04EC0-301F-11D3-BF4B-00C04F79EFBC}") = "c2l5", "c2l5\c2l5.csproj", "{F081029C-E259-40B4-923D-5B4A846463A4}"
EndProject
Global
	GlobalSection(SolutionConfigurationPlatforms) = preSolution
		Debug|Any CPU = Debug|Any CPU
		Release|Any CPU = Release|Any CPU
	EndGlobalSection
	GlobalSection(ProjectConfigurationPlatforms) = postSolution
		{F081029C-E259-40B4-923D-5B4A846463A4}.Debug|Any CPU.ActiveCfg = Debug|Any CPU
		{F081029C-E259-40B4-923D-5B4A846463A4}.Debug|Any CPU.Build.0 = Debug|Any CPU
		{F081029C-E259-40B4-923D-5B4A846463A4}.Release|Any CPU.ActiveCfg = Release|Any CPU
		{F081029C-E259-40B4-923D-5B4A846463A4}.Release|Any CPU.Build.0 = Release|Any CPU
	EndGlobalSection
	GlobalSection(SolutionProperties) = preSolution
		HideSolutionNode = FALSE
	EndGlobalSection
	GlobalSection(ExtensibilityGlobals) = postSolution
		SolutionGuid = {62BE069A-41C8-4890-BB4B-3255468601B9}
	EndGlobalSection
EndGlobal
